{
  "name": "test-project",
  "version": "1.0.1",
  "lockfileVersion": 2,
  "requires": true,
  "packages": {
    "": {
      "name": "test-project",
      "version": "1.0.1",
      "license": "ISC",
      "dependencies": {
        "@squidstack/system.collections": "^1.0.5"
      }
    },
    "node_modules/@squidstack/system.collections": {
      "version": "1.0.5",
      "resolved": "https://registry.npmjs.org/@squidstack/system.collections/-/system.collections-1.0.5.tgz",
      "integrity": "sha512-VJUdNp12DSwkwIkJXYUnuFLkINEymXp38UnzP4qIza/pSGujYotniviXQm5HwcG64ekSzTBnNMIqkwtvDBukQA==",
      "dependencies": {
        "reflect-metadata": "^0.1.13"
      }
    },
    "node_modules/reflect-metadata": {
      "version": "0.1.13",
      "resolved": "https://registry.npmjs.org/reflect-metadata/-/reflect-metadata-0.1.13.tgz",
      "integrity": "sha512-Ts1Y/anZELhSsjMcU605fU9RE4Oi3p5ORujwbIKXfWa+0Zxs510Qrmrce5/Jowq3cHSZSJqBjypxmHarc+vEWg=="
    }
  },
  "dependencies": {
    "@squidstack/system.collections": {
      "version": "1.0.5",
      "resolved": "https://registry.npmjs.org/@squidstack/system.collections/-/system.collections-1.0.5.tgz",
      "integrity": "sha512-VJUdNp12DSwkwIkJXYUnuFLkINEymXp38UnzP4qIza/pSGujYotniviXQm5HwcG64ekSzTBnNMIqkwtvDBukQA==",
      "requires": {
        "reflect-metadata": "^0.1.13"
      }
    },
    "reflect-metadata": {
      "version": "0.1.13",
      "resolved": "https://registry.npmjs.org/reflect-metadata/-/reflect-metadata-0.1.13.tgz",
      "integrity": "sha512-Ts1Y/anZELhSsjMcU605fU9RE4Oi3p5ORujwbIKXfWa+0Zxs510Qrmrce5/Jowq3cHSZSJqBjypxmHarc+vEWg=="
    }
  }
}
